
Microsoft Visual Studio Solution File, Format Version 12.00
# Visual Studio Version 17
VisualStudioVersion = 17.2.32630.192
MinimumVisualStudioVersion = 10.0.40219.1
Project("{FAE04EC0-301F-11D3-BF4B-00C04F79EFBC}") = "L5LPRP1232222", "L5LPRP1232222\L5LPRP1232222.csproj", "{FE27A34A-C2DA-47C0-8607-820A90852FE7}"
EndProject
Global
	GlobalSection(SolutionConfigurationPlatforms) = preSolution
		Debug|Any CPU = Debug|Any CPU
		Release|Any CPU = Release|Any CPU
	EndGlobalSection
	GlobalSection(ProjectConfigurationPlatforms) = postSolution
		{FE27A34A-C2DA-47C0-8607-820A90852FE7}.Debug|Any CPU.ActiveCfg = Debug|Any CPU
		{FE27A34A-C2DA-47C0-8607-820A90852FE7}.Debug|Any CPU.Build.0 = Debug|Any CPU
		{FE27A34A-C2DA-47C0-8607-820A90852FE7}.Release|Any CPU.ActiveCfg = Release|Any CPU
		{FE27A34A-C2DA-47C0-8607-820A90852FE7}.Release|Any CPU.Build.0 = Release|Any CPU
	EndGlobalSection
	GlobalSection(SolutionProperties) = preSolution
		HideSolutionNode = FALSE
	EndGlobalSection
	GlobalSection(ExtensibilityGlobals) = postSolution
		SolutionGuid = {F3F6C8DF-0150-42C9-8532-DA5610E8711A}
	EndGlobalSection
EndGlobal
